
Microsoft Visual Studio Solution File, Format Version 12.00
# Visual Studio Version 17
VisualStudioVersion = 17.11.35327.3
MinimumVisualStudioVersion = 10.0.40219.1
Project("{FAE04EC0-301F-11D3-BF4B-00C04F79EFBC}") = "casaWinOS", "casaWinOS\casaWinOS.csproj", "{2700FB4A-53B9-4C3C-AE49-B1DD12E47D26}"
EndProject
Global
	GlobalSection(SolutionConfigurationPlatforms) = preSolution
		Debug|Any CPU = Debug|Any CPU
		Release|Any CPU = Release|Any CPU
	EndGlobalSection
	GlobalSection(ProjectConfigurationPlatforms) = postSolution
		{2700FB4A-53B9-4C3C-AE49-B1DD12E47D26}.Debug|Any CPU.ActiveCfg = Debug|Any CPU
		{2700FB4A-53B9-4C3C-AE49-B1DD12E47D26}.Debug|Any CPU.Build.0 = Debug|Any CPU
		{2700FB4A-53B9-4C3C-AE49-B1DD12E47D26}.Release|Any CPU.ActiveCfg = Release|Any CPU
		{2700FB4A-53B9-4C3C-AE49-B1DD12E47D26}.Release|Any CPU.Build.0 = Release|Any CPU
	EndGlobalSection
	GlobalSection(SolutionProperties) = preSolution
		HideSolutionNode = FALSE
	EndGlobalSection
	GlobalSection(ExtensibilityGlobals) = postSolution
		SolutionGuid = {6A114FA0-8504-4BA3-8110-54E9A25D97CC}
	EndGlobalSection
EndGlobal
